<?xml version="1.0" encoding="utf-8"?>
<Project ToolsVersion="4.0" xmlns="http://schemas.microsoft.com/developer/msbuild/2003">
  <ItemGroup>
    <Filter Include="Source Files">
      <UniqueIdentifier>{4FC737F1-C7A5-4376-A066-2A32D752A2FF}</UniqueIdentifier>
      <Extensions>cpp;c;cc;cxx;def;odl;idl;hpj;bat;asm;asmx</Extensions>
    </Filter>
    <Filter Include="Header Files">
      <UniqueIdentifier>{93995380-89BD-4b04-88EB-625FBE52EBFB}</UniqueIdentifier>
      <Extensions>h;hpp;hxx;hm;inl;inc;xsd</Extensions>
    </Filter>
    <Filter Include="Common Files">
      <UniqueIdentifier>{9967deaa-52dc-4494-a12e-c52ab7104611}</UniqueIdentifier>
    </Filter>
  </ItemGroup>
  <ItemGroup>
    <ClInclude Include="stdafx.h">
      <Filter>Header Files</Filter>
    </ClInclude>
    <ClInclude Include="targetver.h">
      <Filter>Header Files</Filter>
    </ClInclude>
    <ClInclude Include="common\CommandLine.h">
      <Filter>Common Files</Filter>
    </ClInclude>
    <ClInclude Include="common\CriticalSection.h">
      <Filter>Common Files</Filter>
    </ClInclude>
    <ClInclude Include="common\Log.h">
      <Filter>Common Files</Filter>
    </ClInclude>
    <ClInclude Include="common\Thread.h">
      <Filter>Common Files</Filter>
    </ClInclude>
    <ClInclude Include="VideoGrabber.h">
      <Filter>Header Files</Filter>
    </ClInclude>
    <ClInclude Include="AudioGrabber.h">
      <Filter>Header Files</Filter>
    </ClInclude>
    <ClInclude Include="AudioEncoder.h">
      <Filter>Header Files</Filter>
    </ClInclude>
    <ClInclude Include="VideoEncoder.h">
      <Filter>Header Files</Filter>
    </ClInclude>
    <ClInclude Include="DownshaEncoder.h">
      <Filter>Header Files</Filter>
    </ClInclude>
    <ClInclude Include="DshowCapture.h">
      <Filter>Header Files</Filter>
    </ClInclude>
    <ClInclude Include="DownshaOutput.h">
      <Filter>Header Files</Filter>
    </ClInclude>
    <ClInclude Include="common\Utils.h">
      <Filter>Common Files</Filter>
    </ClInclude>
    <ClInclude Include="DownshaQueue.h">
      <Filter>Header Files</Filter>
    </ClInclude>
    <ClInclude Include="ColorConvertor.h">
      <Filter>Header Files</Filter>
    </ClInclude>
  </ItemGroup>
  <ItemGroup>
    <ClCompile Include="stdafx.cpp">
      <Filter>Source Files</Filter>
    </ClCompile>
    <ClCompile Include="main.cpp">
      <Filter>Source Files</Filter>
    </ClCompile>
    <ClCompile Include="common\CommandLine.cpp">
      <Filter>Common Files</Filter>
    </ClCompile>
    <ClCompile Include="common\CriticalSection.cpp">
      <Filter>Common Files</Filter>
    </ClCompile>
    <ClCompile Include="common\Log.cpp">
      <Filter>Common Files</Filter>
    </ClCompile>
    <ClCompile Include="common\Thread.cpp">
      <Filter>Common Files</Filter>
    </ClCompile>
    <ClCompile Include="VideoGrabber.cpp">
      <Filter>Source Files</Filter>
    </ClCompile>
    <ClCompile Include="AudioGrabber.cpp">
      <Filter>Source Files</Filter>
    </ClCompile>
    <ClCompile Include="AudioEncoder.cpp">
      <Filter>Source Files</Filter>
    </ClCompile>
    <ClCompile Include="VideoEncoder.cpp">
      <Filter>Source Files</Filter>
    </ClCompile>
    <ClCompile Include="DownshaEncoder.cpp">
      <Filter>Source Files</Filter>
    </ClCompile>
    <ClCompile Include="DshowCapture.cpp">
      <Filter>Source Files</Filter>
    </ClCompile>
    <ClCompile Include="DownshaOutput.cpp">
      <Filter>Source Files</Filter>
    </ClCompile>
    <ClCompile Include="common\Utils.cpp">
      <Filter>Common Files</Filter>
    </ClCompile>
    <ClCompile Include="DownshaQueue.c">
      <Filter>Source Files</Filter>
    </ClCompile>
    <ClCompile Include="ColorConvertor.cpp">
      <Filter>Source Files</Filter>
    </ClCompile>
  </ItemGroup>
</Project>